
Microsoft Visual Studio Solution File, Format Version 12.00
# Visual Studio Version 17
VisualStudioVersion = 17.4.33205.214
MinimumVisualStudioVersion = 10.0.40219.1
Project("{9A19103F-16F7-4668-BE54-9A1E7A4F7556}") = "ServerSide", "ServerSide\ServerSide.csproj", "{288D29DF-41B4-4987-8644-2631C7F15FCC}"
EndProject
Project("{9A19103F-16F7-4668-BE54-9A1E7A4F7556}") = "ClientSide", "..\..\..\client_packages\cs_packages\ClientSide\ClientSide.csproj", "{9E641E81-EC35-48A1-820A-691A2718ACFD}"
EndProject
Global
	GlobalSection(SolutionConfigurationPlatforms) = preSolution
		Debug|Any CPU = Debug|Any CPU
		Debug|x64 = Debug|x64
		Release|Any CPU = Release|Any CPU
		Release|x64 = Release|x64
	EndGlobalSection
	GlobalSection(ProjectConfigurationPlatforms) = postSolution
		{288D29DF-41B4-4987-8644-2631C7F15FCC}.Debug|Any CPU.ActiveCfg = Debug|Any CPU
		{288D29DF-41B4-4987-8644-2631C7F15FCC}.Debug|Any CPU.Build.0 = Debug|Any CPU
		{288D29DF-41B4-4987-8644-2631C7F15FCC}.Debug|x64.ActiveCfg = Debug|x64
		{288D29DF-41B4-4987-8644-2631C7F15FCC}.Debug|x64.Build.0 = Debug|x64
		{288D29DF-41B4-4987-8644-2631C7F15FCC}.Release|Any CPU.ActiveCfg = Release|Any CPU
		{288D29DF-41B4-4987-8644-2631C7F15FCC}.Release|Any CPU.Build.0 = Release|Any CPU
		{288D29DF-41B4-4987-8644-2631C7F15FCC}.Release|x64.ActiveCfg = Release|x64
		{288D29DF-41B4-4987-8644-2631C7F15FCC}.Release|x64.Build.0 = Release|x64
		{9E641E81-EC35-48A1-820A-691A2718ACFD}.Debug|Any CPU.ActiveCfg = Debug|Any CPU
		{9E641E81-EC35-48A1-820A-691A2718ACFD}.Debug|Any CPU.Build.0 = Debug|Any CPU
		{9E641E81-EC35-48A1-820A-691A2718ACFD}.Debug|x64.ActiveCfg = Debug|Any CPU
		{9E641E81-EC35-48A1-820A-691A2718ACFD}.Debug|x64.Build.0 = Debug|Any CPU
		{9E641E81-EC35-48A1-820A-691A2718ACFD}.Release|Any CPU.ActiveCfg = Release|Any CPU
		{9E641E81-EC35-48A1-820A-691A2718ACFD}.Release|Any CPU.Build.0 = Release|Any CPU
		{9E641E81-EC35-48A1-820A-691A2718ACFD}.Release|x64.ActiveCfg = Release|Any CPU
		{9E641E81-EC35-48A1-820A-691A2718ACFD}.Release|x64.Build.0 = Release|Any CPU
	EndGlobalSection
	GlobalSection(SolutionProperties) = preSolution
		HideSolutionNode = FALSE
	EndGlobalSection
	GlobalSection(ExtensibilityGlobals) = postSolution
		SolutionGuid = {2BA509D9-8CAF-454A-A575-4EE17B5FFAC6}
	EndGlobalSection
EndGlobal
